
Microsoft Visual Studio Solution File, Format Version 12.00
# Visual Studio Version 16
VisualStudioVersion = 16.0.31702.278
MinimumVisualStudioVersion = 10.0.40219.1
Project("{FAE04EC0-301F-11D3-BF4B-00C04F79EFBC}") = "MobileScanner.Android", "MobileScanner\MobileScanner.Android\MobileScanner.Android.csproj", "{FE75F77B-0A24-4927-8E58-8616EA31D2E8}"
EndProject
Project("{9A19103F-16F7-4668-BE54-9A1E7A4F7556}") = "MobileScanner", "MobileScanner\MobileScanner\MobileScanner.csproj", "{2DAFAC4A-BB8F-4A84-A68B-54073939D475}"
EndProject
Global
	GlobalSection(SolutionConfigurationPlatforms) = preSolution
		Debug|Any CPU = Debug|Any CPU
		Release|Any CPU = Release|Any CPU
	EndGlobalSection
	GlobalSection(ProjectConfigurationPlatforms) = postSolution
		{FE75F77B-0A24-4927-8E58-8616EA31D2E8}.Debug|Any CPU.ActiveCfg = Debug|Any CPU
		{FE75F77B-0A24-4927-8E58-8616EA31D2E8}.Debug|Any CPU.Build.0 = Debug|Any CPU
		{FE75F77B-0A24-4927-8E58-8616EA31D2E8}.Debug|Any CPU.Deploy.0 = Debug|Any CPU
		{FE75F77B-0A24-4927-8E58-8616EA31D2E8}.Release|Any CPU.ActiveCfg = Release|Any CPU
		{FE75F77B-0A24-4927-8E58-8616EA31D2E8}.Release|Any CPU.Build.0 = Release|Any CPU
		{FE75F77B-0A24-4927-8E58-8616EA31D2E8}.Release|Any CPU.Deploy.0 = Release|Any CPU
		{2DAFAC4A-BB8F-4A84-A68B-54073939D475}.Debug|Any CPU.ActiveCfg = Debug|Any CPU
		{2DAFAC4A-BB8F-4A84-A68B-54073939D475}.Debug|Any CPU.Build.0 = Debug|Any CPU
		{2DAFAC4A-BB8F-4A84-A68B-54073939D475}.Debug|Any CPU.Deploy.0 = Debug|Any CPU
		{2DAFAC4A-BB8F-4A84-A68B-54073939D475}.Release|Any CPU.ActiveCfg = Release|Any CPU
		{2DAFAC4A-BB8F-4A84-A68B-54073939D475}.Release|Any CPU.Build.0 = Release|Any CPU
		{2DAFAC4A-BB8F-4A84-A68B-54073939D475}.Release|Any CPU.Deploy.0 = Release|Any CPU
	EndGlobalSection
	GlobalSection(SolutionProperties) = preSolution
		HideSolutionNode = FALSE
	EndGlobalSection
	GlobalSection(ExtensibilityGlobals) = postSolution
		SolutionGuid = {D1B928DA-5F90-4B29-A9AD-8410C8E58EBA}
	EndGlobalSection
EndGlobal
